// !$*UTF8*$!
{
	archiveVersion = 1;
	classes = {
	};
	objectVersion = 56;
	objects = {

/* Begin PBXBuildFile section */
		B764693D2EA93E1900909568 /* AppDelegate.swift in Sources */ = {isa = PBXBuildFile; fileRef = B764693C2EA93E1900909568 /* AppDelegate.swift */; };
		B764693F2EA93E1900909568 /* SceneDelegate.swift in Sources */ = {isa = PBXBuildFile; fileRef = B764693E2EA93E1900909568 /* SceneDelegate.swift */; };
		B76469462EA93E1A00909568 /* Assets.xcassets in Resources */ = {isa = PBXBuildFile; fileRef = B76469452EA93E1A00909568 /* Assets.xcassets */; };
		B76469492EA93E1A00909568 /* Base in Resources */ = {isa = PBXBuildFile; fileRef = B76469482EA93E1A00909568 /* Base */; };
		B76469502EA93E1900909568 /* TabBarController.swift in Sources */ = {isa = PBXBuildFile; fileRef = B764694F2EA93E1900909568 /* TabBarController.swift */; };
		B76469522EA93E1900909568 /* TrackersViewController.swift in Sources */ = {isa = PBXBuildFile; fileRef = B76469512EA93E1900909568 /* TrackersViewController.swift */; };
		B76469542EA93E1900909568 /* StatisticsViewController.swift in Sources */ = {isa = PBXBuildFile; fileRef = B76469532EA93E1900909568 /* StatisticsViewController.swift */; };
		B76469562EA93E1900909568 /* Tracker.swift in Sources */ = {isa = PBXBuildFile; fileRef = B76469552EA93E1900909568 /* Tracker.swift */; };
		B76469582EA93E1900909568 /* TrackerCategory.swift in Sources */ = {isa = PBXBuildFile; fileRef = B76469572EA93E1900909568 /* TrackerCategory.swift */; };
		B764695A2EA93E1900909568 /* TrackerRecord.swift in Sources */ = {isa = PBXBuildFile; fileRef = B76469592EA93E1900909568 /* TrackerRecord.swift */; };
		B764695C2EA93E1900909568 /* NewHabitViewController.swift in Sources */ = {isa = PBXBuildFile; fileRef = B764695B2EA93E1900909568 /* NewHabitViewController.swift */; };
		B764695E2EA93E1900909568 /* ScheduleViewController.swift in Sources */ = {isa = PBXBuildFile; fileRef = B764695D2EA93E1900909568 /* ScheduleViewController.swift */; };
		B76469602EA93E1900909568 /* TrackerCell.swift in Sources */ = {isa = PBXBuildFile; fileRef = B764695F2EA93E1900909568 /* TrackerCell.swift */; };
		B76469622EA93E1900909568 /* AppColors.swift in Sources */ = {isa = PBXBuildFile; fileRef = B76469612EA93E1900909568 /* AppColors.swift */; };
		B7AAF2882F2FAB3B000F7EF2 /* TrackersDB.xcdatamodeld in Sources */ = {isa = PBXBuildFile; fileRef = B7AAF2862F2FAB3B000F7EF2 /* TrackersDB.xcdatamodeld */; };
		B7AAF2AE2F3650A2000F7EF2 /* TrackerStore.swift in Sources */ = {isa = PBXBuildFile; fileRef = B7AAF2AD2F3650A2000F7EF2 /* TrackerStore.swift */; };
		B7AAF2B02F3650B1000F7EF2 /* TrackerCategoryStore.swift in Sources */ = {isa = PBXBuildFile; fileRef = B7AAF2AF2F3650B1000F7EF2 /* TrackerCategoryStore.swift */; };
		B7AAF2B22F3650BE000F7EF2 /* TrackerRecordStore.swift in Sources */ = {isa = PBXBuildFile; fileRef = B7AAF2B12F3650BE000F7EF2 /* TrackerRecordStore.swift */; };
		B7AAF2B62F3650C0000F7EF2 /* DataBaseStore.swift in Sources */ = {isa = PBXBuildFile; fileRef = B7AAF2B72F3650C0000F7EF2 /* DataBaseStore.swift */; };
		B7AAF2BA2F3650D0000F7EF2 /* UserDefaultsService.swift in Sources */ = {isa = PBXBuildFile; fileRef = B7AAF2BB2F3650D0000F7EF2 /* UserDefaultsService.swift */; };
		B7D6E7682F2A47A100B36E80 /* ColorCollectionViewCell.swift in Sources */ = {isa = PBXBuildFile; fileRef = B7D6E7662F2A47A100B36E80 /* ColorCollectionViewCell.swift */; };
		B7D6E7692F2A47A100B36E80 /* EmojiCollectionViewCell.swift in Sources */ = {isa = PBXBuildFile; fileRef = B7D6E7672F2A47A100B36E80 /* EmojiCollectionViewCell.swift */; };
		B7D6E76B2F2AC14000B36E80 /* EmojiCollectionHeaderView.swift in Sources */ = {isa = PBXBuildFile; fileRef = B7D6E76A2F2AC13F00B36E80 /* EmojiCollectionHeaderView.swift */; };
		B7D6E76D2F2AC15000B36E80 /* ColorCollectionHeaderView.swift in Sources */ = {isa = PBXBuildFile; fileRef = B7D6E76C2F2AC14F00B36E80 /* ColorCollectionHeaderView.swift */; };
		B7D6E76F2F2AC7B000B36E80 /* TrackerOptions.swift in Sources */ = {isa = PBXBuildFile; fileRef = B7D6E76E2F2AC7A000B36E80 /* TrackerOptions.swift */; };
		B7D6E7712F2AC7C000B36E80 /* UIColorMarshalling.swift in Sources */ = {isa = PBXBuildFile; fileRef = B7D6E7702F2AC7C000B36E80 /* UIColorMarshalling.swift */; };
		B7D6E7732F2E123400B36E80 /* OnboardingPageViewController.swift in Sources */ = {isa = PBXBuildFile; fileRef = B7D6E7722F2E123400B36E80 /* OnboardingPageViewController.swift */; };
		B7D6E7752F2E123400B36E80 /* OnboardingViewController.swift in Sources */ = {isa = PBXBuildFile; fileRef = B7D6E7742F2E123400B36E80 /* OnboardingViewController.swift */; };
		B7D6E7772F2E200000B36E80 /* CategoryListViewModel.swift in Sources */ = {isa = PBXBuildFile; fileRef = B7D6E7762F2E200000B36E80 /* CategoryListViewModel.swift */; };
		B7D6E7792F2E200001B36E80 /* CategoryTableViewCell.swift in Sources */ = {isa = PBXBuildFile; fileRef = B7D6E7782F2E200001B36E80 /* CategoryTableViewCell.swift */; };
		B7D6E77B2F2E200002B36E80 /* CategoryListViewController.swift in Sources */ = {isa = PBXBuildFile; fileRef = B7D6E77A2F2E200002B36E80 /* CategoryListViewController.swift */; };
		B7D6E77D2F2E200003B36E80 /* NewCategoryViewController.swift in Sources */ = {isa = PBXBuildFile; fileRef = B7D6E77C2F2E200003B36E80 /* NewCategoryViewController.swift */; };
/* End PBXBuildFile section */

/* Begin PBXFileReference section */
		B76469392EA93E1900909568 /* Tracker.app */ = {isa = PBXFileReference; explicitFileType = wrapper.application; includeInIndex = 0; path = Tracker.app; sourceTree = BUILT_PRODUCTS_DIR; };
		B764693C2EA93E1900909568 /* AppDelegate.swift */ = {isa = PBXFileReference; lastKnownFileType = sourcecode.swift; path = AppDelegate.swift; sourceTree = "<group>"; };
		B764693E2EA93E1900909568 /* SceneDelegate.swift */ = {isa = PBXFileReference; lastKnownFileType = sourcecode.swift; path = SceneDelegate.swift; sourceTree = "<group>"; };
		B76469452EA93E1A00909568 /* Assets.xcassets */ = {isa = PBXFileReference; lastKnownFileType = folder.assetcatalog; path = Assets.xcassets; sourceTree = "<group>"; };
		B76469482EA93E1A00909568 /* Base */ = {isa = PBXFileReference; lastKnownFileType = file.storyboard; name = Base; path = Base.lproj/LaunchScreen.storyboard; sourceTree = "<group>"; };
		B764694A2EA93E1A00909568 /* Info.plist */ = {isa = PBXFileReference; lastKnownFileType = text.plist.xml; path = Info.plist; sourceTree = "<group>"; };
		B764694F2EA93E1900909568 /* TabBarController.swift */ = {isa = PBXFileReference; lastKnownFileType = sourcecode.swift; path = TabBarController.swift; sourceTree = "<group>"; };
		B76469512EA93E1900909568 /* TrackersViewController.swift */ = {isa = PBXFileReference; lastKnownFileType = sourcecode.swift; path = TrackersViewController.swift; sourceTree = "<group>"; };
		B76469532EA93E1900909568 /* StatisticsViewController.swift */ = {isa = PBXFileReference; lastKnownFileType = sourcecode.swift; path = StatisticsViewController.swift; sourceTree = "<group>"; };
		B76469552EA93E1900909568 /* Tracker.swift */ = {isa = PBXFileReference; lastKnownFileType = sourcecode.swift; path = Tracker.swift; sourceTree = "<group>"; };
		B76469572EA93E1900909568 /* TrackerCategory.swift */ = {isa = PBXFileReference; lastKnownFileType = sourcecode.swift; path = TrackerCategory.swift; sourceTree = "<group>"; };
		B76469592EA93E1900909568 /* TrackerRecord.swift */ = {isa = PBXFileReference; lastKnownFileType = sourcecode.swift; path = TrackerRecord.swift; sourceTree = "<group>"; };
		B764695B2EA93E1900909568 /* NewHabitViewController.swift */ = {isa = PBXFileReference; lastKnownFileType = sourcecode.swift; path = NewHabitViewController.swift; sourceTree = "<group>"; };
		B764695D2EA93E1900909568 /* ScheduleViewController.swift */ = {isa = PBXFileReference; lastKnownFileType = sourcecode.swift; path = ScheduleViewController.swift; sourceTree = "<group>"; };
		B764695F2EA93E1900909568 /* TrackerCell.swift */ = {isa = PBXFileReference; lastKnownFileType = sourcecode.swift; path = TrackerCell.swift; sourceTree = "<group>"; };
		B76469612EA93E1900909568 /* AppColors.swift */ = {isa = PBXFileReference; lastKnownFileType = sourcecode.swift; path = AppColors.swift; sourceTree = "<group>"; };
		B7AAF2872F2FAB3B000F7EF2 /* TrackersDB.xcdatamodel */ = {isa = PBXFileReference; lastKnownFileType = wrapper.xcdatamodel; path = TrackersDB.xcdatamodel; sourceTree = "<group>"; };
		B7AAF2AD2F3650A2000F7EF2 /* TrackerStore.swift */ = {isa = PBXFileReference; lastKnownFileType = sourcecode.swift; path = TrackerStore.swift; sourceTree = "<group>"; };
		B7AAF2AF2F3650B1000F7EF2 /* TrackerCategoryStore.swift */ = {isa = PBXFileReference; lastKnownFileType = sourcecode.swift; path = TrackerCategoryStore.swift; sourceTree = "<group>"; };
		B7AAF2B12F3650BE000F7EF2 /* TrackerRecordStore.swift */ = {isa = PBXFileReference; lastKnownFileType = sourcecode.swift; path = TrackerRecordStore.swift; sourceTree = "<group>"; };
		B7AAF2B72F3650C0000F7EF2 /* DataBaseStore.swift */ = {isa = PBXFileReference; lastKnownFileType = sourcecode.swift; path = DataBaseStore.swift; sourceTree = "<group>"; };
		B7AAF2BB2F3650D0000F7EF2 /* UserDefaultsService.swift */ = {isa = PBXFileReference; lastKnownFileType = sourcecode.swift; path = UserDefaultsService.swift; sourceTree = "<group>"; };
		B7D6E7662F2A47A100B36E80 /* ColorCollectionViewCell.swift */ = {isa = PBXFileReference; fileEncoding = 4; lastKnownFileType = sourcecode.swift; path = ColorCollectionViewCell.swift; sourceTree = "<group>"; };
		B7D6E7672F2A47A100B36E80 /* EmojiCollectionViewCell.swift */ = {isa = PBXFileReference; fileEncoding = 4; lastKnownFileType = sourcecode.swift; path = EmojiCollectionViewCell.swift; sourceTree = "<group>"; };
		B7D6E76A2F2AC13F00B36E80 /* EmojiCollectionHeaderView.swift */ = {isa = PBXFileReference; fileEncoding = 4; lastKnownFileType = sourcecode.swift; path = EmojiCollectionHeaderView.swift; sourceTree = "<group>"; };
		B7D6E76C2F2AC14F00B36E80 /* ColorCollectionHeaderView.swift */ = {isa = PBXFileReference; fileEncoding = 4; lastKnownFileType = sourcecode.swift; path = ColorCollectionHeaderView.swift; sourceTree = "<group>"; };
		B7D6E76E2F2AC7A000B36E80 /* TrackerOptions.swift */ = {isa = PBXFileReference; fileEncoding = 4; lastKnownFileType = sourcecode.swift; path = TrackerOptions.swift; sourceTree = "<group>"; };
		B7D6E7702F2AC7C000B36E80 /* UIColorMarshalling.swift */ = {isa = PBXFileReference; fileEncoding = 4; lastKnownFileType = sourcecode.swift; path = UIColorMarshalling.swift; sourceTree = "<group>"; };
		B7D6E7722F2E123400B36E80 /* OnboardingPageViewController.swift */ = {isa = PBXFileReference; lastKnownFileType = sourcecode.swift; path = OnboardingPageViewController.swift; sourceTree = "<group>"; };
		B7D6E7742F2E123400B36E80 /* OnboardingViewController.swift */ = {isa = PBXFileReference; lastKnownFileType = sourcecode.swift; path = OnboardingViewController.swift; sourceTree = "<group>"; };
		B7D6E7762F2E200000B36E80 /* CategoryListViewModel.swift */ = {isa = PBXFileReference; lastKnownFileType = sourcecode.swift; path = CategoryListViewModel.swift; sourceTree = "<group>"; };
		B7D6E7782F2E200001B36E80 /* CategoryTableViewCell.swift */ = {isa = PBXFileReference; lastKnownFileType = sourcecode.swift; path = CategoryTableViewCell.swift; sourceTree = "<group>"; };
		B7D6E77A2F2E200002B36E80 /* CategoryListViewController.swift */ = {isa = PBXFileReference; lastKnownFileType = sourcecode.swift; path = CategoryListViewController.swift; sourceTree = "<group>"; };
		B7D6E77C2F2E200003B36E80 /* NewCategoryViewController.swift */ = {isa = PBXFileReference; lastKnownFileType = sourcecode.swift; path = NewCategoryViewController.swift; sourceTree = "<group>"; };
/* End PBXFileReference section */

/* Begin PBXFrameworksBuildPhase section */
		B76469362EA93E1900909568 /* Frameworks */ = {
			isa = PBXFrameworksBuildPhase;
			buildActionMask = 2147483647;
			files = (
			);
			runOnlyForDeploymentPostprocessing = 0;
		};
/* End PBXFrameworksBuildPhase section */

/* Begin PBXGroup section */
		B76469302EA93E1900909568 = {
			isa = PBXGroup;
			children = (
				B764693B2EA93E1900909568 /* Tracker */,
				B764693A2EA93E1900909568 /* Products */,
			);
			sourceTree = "<group>";
		};
		B764693A2EA93E1900909568 /* Products */ = {
			isa = PBXGroup;
			children = (
				B76469392EA93E1900909568 /* Tracker.app */,
			);
			name = Products;
			sourceTree = "<group>";
		};
		B764693B2EA93E1900909568 /* Tracker */ = {
			isa = PBXGroup;
			children = (
				B764693C2EA93E1900909568 /* AppDelegate.swift */,
				B764693E2EA93E1900909568 /* SceneDelegate.swift */,
				B7D6E7652F27BD1000B36E80 /* Helpers */,
				B7D6E7642F27BCFD00B36E80 /* Controllers */,
				B7D6E7632F27BCEA00B36E80 /* Views */,
				B7D6E7622F27BC6500B36E80 /* TrackerModels */,
				B7D6E7802F2E200004B36E80 /* ViewModels */,
				B7AAF2AC2F36506E000F7EF2 /* Store */,
				B7AAF2B32F3A42B4000F7EF2 /* CoreData */,
				B7AAF2B42F3D2AFF000F7EF2 /* Supporting Files */,
			);
			path = Tracker;
			sourceTree = "<group>";
		};
		B7D6E7802F2E200004B36E80 /* ViewModels */ = {
			isa = PBXGroup;
			children = (
				B7D6E7852F2E210005B36E80 /* Category */,
			);
			path = ViewModels;
			sourceTree = "<group>";
		};
		B7D6E7852F2E210005B36E80 /* Category */ = {
			isa = PBXGroup;
			children = (
				B7D6E7762F2E200000B36E80 /* CategoryListViewModel.swift */,
			);
			path = Category;
			sourceTree = "<group>";
		};
		B7AAF2AC2F36506E000F7EF2 /* Store */ = {
			isa = PBXGroup;
			children = (
				B7AAF2B72F3650C0000F7EF2 /* DataBaseStore.swift */,
				B7AAF2AD2F3650A2000F7EF2 /* TrackerStore.swift */,
				B7AAF2AF2F3650B1000F7EF2 /* TrackerCategoryStore.swift */,
				B7AAF2B12F3650BE000F7EF2 /* TrackerRecordStore.swift */,
				B7AAF2BB2F3650D0000F7EF2 /* UserDefaultsService.swift */,
			);
			path = Store;
			sourceTree = "<group>";
		};
		B7AAF2B32F3A42B4000F7EF2 /* CoreData */ = {
			isa = PBXGroup;
			children = (
				B7AAF2862F2FAB3B000F7EF2 /* TrackersDB.xcdatamodeld */,
			);
			path = CoreData;
			sourceTree = "<group>";
		};
		B7AAF2B42F3D2AFF000F7EF2 /* Supporting Files */ = {
			isa = PBXGroup;
			children = (
				B76469452EA93E1A00909568 /* Assets.xcassets */,
				B76469472EA93E1A00909568 /* LaunchScreen.storyboard */,
				B764694A2EA93E1A00909568 /* Info.plist */,
			);
			path = "Supporting Files";
			sourceTree = "<group>";
		};
		B7D6E7622F27BC6500B36E80 /* TrackerModels */ = {
			isa = PBXGroup;
			children = (
				B76469552EA93E1900909568 /* Tracker.swift */,
				B76469572EA93E1900909568 /* TrackerCategory.swift */,
				B76469592EA93E1900909568 /* TrackerRecord.swift */,
			);
			path = TrackerModels;
			sourceTree = "<group>";
		};
		B7D6E7632F27BCEA00B36E80 /* Views */ = {
			isa = PBXGroup;
			children = (
				B7D6E7862F2E210006B36E80 /* Category */,
				B7D6E7872F2E210007B36E80 /* Habit */,
			);
			path = Views;
			sourceTree = "<group>";
		};
		B7D6E7862F2E210006B36E80 /* Category */ = {
			isa = PBXGroup;
			children = (
				B7D6E7782F2E200001B36E80 /* CategoryTableViewCell.swift */,
			);
			path = Category;
			sourceTree = "<group>";
		};
		B7D6E7872F2E210007B36E80 /* Habit */ = {
			isa = PBXGroup;
			children = (
				B7D6E76A2F2AC13F00B36E80 /* EmojiCollectionHeaderView.swift */,
				B7D6E76C2F2AC14F00B36E80 /* ColorCollectionHeaderView.swift */,
				B7D6E7662F2A47A100B36E80 /* ColorCollectionViewCell.swift */,
				B7D6E7672F2A47A100B36E80 /* EmojiCollectionViewCell.swift */,
				B764695F2EA93E1900909568 /* TrackerCell.swift */,
			);
			path = Habit;
			sourceTree = "<group>";
		};
		B7D6E7642F27BCFD00B36E80 /* Controllers */ = {
			isa = PBXGroup;
			children = (
				B7D6E7812F2E210001B36E80 /* Main */,
				B7D6E7822F2E210002B36E80 /* Category */,
				B7D6E7832F2E210003B36E80 /* Habit */,
				B7D6E7842F2E210004B36E80 /* Onboarding */,
			);
			path = Controllers;
			sourceTree = "<group>";
		};
		B7D6E7812F2E210001B36E80 /* Main */ = {
			isa = PBXGroup;
			children = (
				B764694F2EA93E1900909568 /* TabBarController.swift */,
				B76469512EA93E1900909568 /* TrackersViewController.swift */,
				B76469532EA93E1900909568 /* StatisticsViewController.swift */,
			);
			path = Main;
			sourceTree = "<group>";
		};
		B7D6E7822F2E210002B36E80 /* Category */ = {
			isa = PBXGroup;
			children = (
				B7D6E77A2F2E200002B36E80 /* CategoryListViewController.swift */,
				B7D6E77C2F2E200003B36E80 /* NewCategoryViewController.swift */,
			);
			path = Category;
			sourceTree = "<group>";
		};
		B7D6E7832F2E210003B36E80 /* Habit */ = {
			isa = PBXGroup;
			children = (
				B764695B2EA93E1900909568 /* NewHabitViewController.swift */,
				B764695D2EA93E1900909568 /* ScheduleViewController.swift */,
			);
			path = Habit;
			sourceTree = "<group>";
		};
		B7D6E7842F2E210004B36E80 /* Onboarding */ = {
			isa = PBXGroup;
			children = (
				B7D6E7722F2E123400B36E80 /* OnboardingPageViewController.swift */,
				B7D6E7742F2E123400B36E80 /* OnboardingViewController.swift */,
			);
			path = Onboarding;
			sourceTree = "<group>";
		};
		B7D6E7652F27BD1000B36E80 /* Helpers */ = {
			isa = PBXGroup;
			children = (
				B76469612EA93E1900909568 /* AppColors.swift */,
				B7D6E76E2F2AC7A000B36E80 /* TrackerOptions.swift */,
				B7D6E7702F2AC7C000B36E80 /* UIColorMarshalling.swift */,
			);
			path = Helpers;
			sourceTree = "<group>";
		};
/* End PBXGroup section */

/* Begin PBXNativeTarget section */
		B76469382EA93E1900909568 /* Tracker */ = {
			isa = PBXNativeTarget;
			buildConfigurationList = B764694D2EA93E1A00909568 /* Build configuration list for PBXNativeTarget "Tracker" */;
			buildPhases = (
				B76469352EA93E1900909568 /* Sources */,
				B76469362EA93E1900909568 /* Frameworks */,
				B76469372EA93E1900909568 /* Resources */,
			);
			buildRules = (
			);
			dependencies = (
			);
			name = Tracker;
			productName = Tracker;
			productReference = B76469392EA93E1900909568 /* Tracker.app */;
			productType = "com.apple.product-type.application";
		};
/* End PBXNativeTarget section */

/* Begin PBXProject section */
		B76469312EA93E1900909568 /* Project object */ = {
			isa = PBXProject;
			attributes = {
				BuildIndependentTargetsInParallel = 1;
				LastSwiftUpdateCheck = 1540;
				LastUpgradeCheck = 1540;
				TargetAttributes = {
					B76469382EA93E1900909568 = {
						CreatedOnToolsVersion = 15.4;
					};
				};
			};
			buildConfigurationList = B76469342EA93E1900909568 /* Build configuration list for PBXProject "Tracker" */;
			compatibilityVersion = "Xcode 14.0";
			developmentRegion = en;
			hasScannedForEncodings = 0;
			knownRegions = (
				en,
				Base,
			);
			mainGroup = B76469302EA93E1900909568;
			productRefGroup = B764693A2EA93E1900909568 /* Products */;
			projectDirPath = "";
			projectRoot = "";
			targets = (
				B76469382EA93E1900909568 /* Tracker */,
			);
		};
/* End PBXProject section */

/* Begin PBXResourcesBuildPhase section */
		B76469372EA93E1900909568 /* Resources */ = {
			isa = PBXResourcesBuildPhase;
			buildActionMask = 2147483647;
			files = (
				B76469462EA93E1A00909568 /* Assets.xcassets in Resources */,
				B76469492EA93E1A00909568 /* Base in Resources */,
			);
			runOnlyForDeploymentPostprocessing = 0;
		};
/* End PBXResourcesBuildPhase section */

/* Begin PBXSourcesBuildPhase section */
		B76469352EA93E1900909568 /* Sources */ = {
			isa = PBXSourcesBuildPhase;
			buildActionMask = 2147483647;
			files = (
				B764693D2EA93E1900909568 /* AppDelegate.swift in Sources */,
				B7AAF2B62F3650C0000F7EF2 /* DataBaseStore.swift in Sources */,
				B7AAF2BA2F3650D0000F7EF2 /* UserDefaultsService.swift in Sources */,
				B7D6E7682F2A47A100B36E80 /* ColorCollectionViewCell.swift in Sources */,
				B7AAF2AE2F3650A2000F7EF2 /* TrackerStore.swift in Sources */,
				B764693F2EA93E1900909568 /* SceneDelegate.swift in Sources */,
				B76469502EA93E1900909568 /* TabBarController.swift in Sources */,
				B7D6E76B2F2AC14000B36E80 /* EmojiCollectionHeaderView.swift in Sources */,
				B7D6E76D2F2AC15000B36E80 /* ColorCollectionHeaderView.swift in Sources */,
				B7AAF2882F2FAB3B000F7EF2 /* TrackersDB.xcdatamodeld in Sources */,
				B7D6E76F2F2AC7B000B36E80 /* TrackerOptions.swift in Sources */,
				B76469522EA93E1900909568 /* TrackersViewController.swift in Sources */,
				B76469542EA93E1900909568 /* StatisticsViewController.swift in Sources */,
				B764695C2EA93E1900909568 /* NewHabitViewController.swift in Sources */,
				B7D6E7692F2A47A100B36E80 /* EmojiCollectionViewCell.swift in Sources */,
				B764695E2EA93E1900909568 /* ScheduleViewController.swift in Sources */,
				B76469602EA93E1900909568 /* TrackerCell.swift in Sources */,
				B76469562EA93E1900909568 /* Tracker.swift in Sources */,
				B7AAF2B22F3650BE000F7EF2 /* TrackerRecordStore.swift in Sources */,
				B7AAF2B02F3650B1000F7EF2 /* TrackerCategoryStore.swift in Sources */,
				B76469582EA93E1900909568 /* TrackerCategory.swift in Sources */,
				B764695A2EA93E1900909568 /* TrackerRecord.swift in Sources */,
				B76469622EA93E1900909568 /* AppColors.swift in Sources */,
				B7D6E7712F2AC7C000B36E80 /* UIColorMarshalling.swift in Sources */,
				B7D6E7732F2E123400B36E80 /* OnboardingPageViewController.swift in Sources */,
				B7D6E7752F2E123400B36E80 /* OnboardingViewController.swift in Sources */,
				B7D6E7772F2E200000B36E80 /* CategoryListViewModel.swift in Sources */,
				B7D6E7792F2E200001B36E80 /* CategoryTableViewCell.swift in Sources */,
				B7D6E77B2F2E200002B36E80 /* CategoryListViewController.swift in Sources */,
				B7D6E77D2F2E200003B36E80 /* NewCategoryViewController.swift in Sources */,
			);
			runOnlyForDeploymentPostprocessing = 0;
		};
/* End PBXSourcesBuildPhase section */

/* Begin PBXVariantGroup section */
		B76469472EA93E1A00909568 /* LaunchScreen.storyboard */ = {
			isa = PBXVariantGroup;
			children = (
				B76469482EA93E1A00909568 /* Base */,
			);
			name = LaunchScreen.storyboard;
			sourceTree = "<group>";
		};
/* End PBXVariantGroup section */

/* Begin XCBuildConfiguration section */
		B764694B2EA93E1A00909568 /* Debug */ = {
			isa = XCBuildConfiguration;
			buildSettings = {
				ALWAYS_SEARCH_USER_PATHS = NO;
				ASSETCATALOG_COMPILER_GENERATE_SWIFT_ASSET_SYMBOL_EXTENSIONS = YES;
				CLANG_ANALYZER_NONNULL = YES;
				CLANG_ANALYZER_NUMBER_OBJECT_CONVERSION = YES_AGGRESSIVE;
				CLANG_CXX_LANGUAGE_STANDARD = "gnu++20";
				CLANG_ENABLE_MODULES = YES;
				CLANG_ENABLE_OBJC_ARC = YES;
				CLANG_ENABLE_OBJC_WEAK = YES;
				CLANG_WARN_BLOCK_CAPTURE_AUTORELEASING = YES;
				CLANG_WARN_BOOL_CONVERSION = YES;
				CLANG_WARN_COMMA = YES;
				CLANG_WARN_CONSTANT_CONVERSION = YES;
				CLANG_WARN_DEPRECATED_OBJC_IMPLEMENTATIONS = YES;
				CLANG_WARN_DIRECT_OBJC_ISA_USAGE = YES_ERROR;
				CLANG_WARN_DOCUMENTATION_COMMENTS = YES;
				CLANG_WARN_EMPTY_BODY = YES;
				CLANG_WARN_ENUM_CONVERSION = YES;
				CLANG_WARN_INFINITE_RECURSION = YES;
				CLANG_WARN_INT_CONVERSION = YES;
				CLANG_WARN_NON_LITERAL_NULL_CONVERSION = YES;
				CLANG_WARN_OBJC_IMPLICIT_RETAIN_SELF = YES;
				CLANG_WARN_OBJC_LITERAL_CONVERSION = YES;
				CLANG_WARN_OBJC_ROOT_CLASS = YES_ERROR;
				CLANG_WARN_QUOTED_INCLUDE_IN_FRAMEWORK_HEADER = YES;
				CLANG_WARN_RANGE_LOOP_ANALYSIS = YES;
				CLANG_WARN_STRICT_PROTOTYPES = YES;
				CLANG_WARN_SUSPICIOUS_MOVE = YES;
				CLANG_WARN_UNGUARDED_AVAILABILITY = YES_AGGRESSIVE;
				CLANG_WARN_UNREACHABLE_CODE = YES;
				CLANG_WARN__DUPLICATE_METHOD_MATCH = YES;
				COPY_PHASE_STRIP = NO;
				DEBUG_INFORMATION_FORMAT = dwarf;
				ENABLE_STRICT_OBJC_MSGSEND = YES;
				ENABLE_TESTABILITY = YES;
				ENABLE_USER_SCRIPT_SANDBOXING = YES;
				GCC_C_LANGUAGE_STANDARD = gnu17;
				GCC_DYNAMIC_NO_PIC = NO;
				GCC_NO_COMMON_BLOCKS = YES;
				GCC_OPTIMIZATION_LEVEL = 0;
				GCC_PREPROCESSOR_DEFINITIONS = (
					"DEBUG=1",
					"$(inherited)",
				);
				GCC_WARN_64_TO_32_BIT_CONVERSION = YES;
				GCC_WARN_ABOUT_RETURN_TYPE = YES_ERROR;
				GCC_WARN_UNDECLARED_SELECTOR = YES;
				GCC_WARN_UNINITIALIZED_AUTOS = YES_AGGRESSIVE;
				GCC_WARN_UNUSED_FUNCTION = YES;
				GCC_WARN_UNUSED_VARIABLE = YES;
				IPHONEOS_DEPLOYMENT_TARGET = 17.5;
				LOCALIZATION_PREFERS_STRING_CATALOGS = YES;
				MTL_ENABLE_DEBUG_INFO = INCLUDE_SOURCE;
				MTL_FAST_MATH = YES;
				ONLY_ACTIVE_ARCH = YES;
				SDKROOT = iphoneos;
				SWIFT_ACTIVE_COMPILATION_CONDITIONS = "DEBUG $(inherited)";
				SWIFT_OPTIMIZATION_LEVEL = "-Onone";
			};
			name = Debug;
		};
		B764694C2EA93E1A00909568 /* Release */ = {
			isa = XCBuildConfiguration;
			buildSettings = {
				ALWAYS_SEARCH_USER_PATHS = NO;
				ASSETCATALOG_COMPILER_GENERATE_SWIFT_ASSET_SYMBOL_EXTENSIONS = YES;
				CLANG_ANALYZER_NONNULL = YES;
				CLANG_ANALYZER_NUMBER_OBJECT_CONVERSION = YES_AGGRESSIVE;
				CLANG_CXX_LANGUAGE_STANDARD = "gnu++20";
				CLANG_ENABLE_MODULES = YES;
				CLANG_ENABLE_OBJC_ARC = YES;
				CLANG_ENABLE_OBJC_WEAK = YES;
				CLANG_WARN_BLOCK_CAPTURE_AUTORELEASING = YES;
				CLANG_WARN_BOOL_CONVERSION = YES;
				CLANG_WARN_COMMA = YES;
				CLANG_WARN_CONSTANT_CONVERSION = YES;
				CLANG_WARN_DEPRECATED_OBJC_IMPLEMENTATIONS = YES;
				CLANG_WARN_DIRECT_OBJC_ISA_USAGE = YES_ERROR;
				CLANG_WARN_DOCUMENTATION_COMMENTS = YES;
				CLANG_WARN_EMPTY_BODY = YES;
				CLANG_WARN_ENUM_CONVERSION = YES;
				CLANG_WARN_INFINITE_RECURSION = YES;
				CLANG_WARN_INT_CONVERSION = YES;
				CLANG_WARN_NON_LITERAL_NULL_CONVERSION = YES;
				CLANG_WARN_OBJC_IMPLICIT_RETAIN_SELF = YES;
				CLANG_WARN_OBJC_LITERAL_CONVERSION = YES;
				CLANG_WARN_OBJC_ROOT_CLASS = YES_ERROR;
				CLANG_WARN_QUOTED_INCLUDE_IN_FRAMEWORK_HEADER = YES;
				CLANG_WARN_RANGE_LOOP_ANALYSIS = YES;
				CLANG_WARN_STRICT_PROTOTYPES = YES;
				CLANG_WARN_SUSPICIOUS_MOVE = YES;
				CLANG_WARN_UNGUARDED_AVAILABILITY = YES_AGGRESSIVE;
				CLANG_WARN_UNREACHABLE_CODE = YES;
				CLANG_WARN__DUPLICATE_METHOD_MATCH = YES;
				COPY_PHASE_STRIP = NO;
				DEBUG_INFORMATION_FORMAT = "dwarf-with-dsym";
				ENABLE_NS_ASSERTIONS = NO;
				ENABLE_STRICT_OBJC_MSGSEND = YES;
				ENABLE_USER_SCRIPT_SANDBOXING = YES;
				GCC_C_LANGUAGE_STANDARD = gnu17;
				GCC_NO_COMMON_BLOCKS = YES;
				GCC_WARN_64_TO_32_BIT_CONVERSION = YES;
				GCC_WARN_ABOUT_RETURN_TYPE = YES_ERROR;
				GCC_WARN_UNDECLARED_SELECTOR = YES;
				GCC_WARN_UNINITIALIZED_AUTOS = YES_AGGRESSIVE;
				GCC_WARN_UNUSED_FUNCTION = YES;
				GCC_WARN_UNUSED_VARIABLE = YES;
				IPHONEOS_DEPLOYMENT_TARGET = 17.5;
				LOCALIZATION_PREFERS_STRING_CATALOGS = YES;
				MTL_ENABLE_DEBUG_INFO = NO;
				MTL_FAST_MATH = YES;
				SDKROOT = iphoneos;
				SWIFT_COMPILATION_MODE = wholemodule;
				VALIDATE_PRODUCT = YES;
			};
			name = Release;
		};
		B764694E2EA93E1A00909568 /* Debug */ = {
			isa = XCBuildConfiguration;
			buildSettings = {
				ASSETCATALOG_COMPILER_APPICON_NAME = AppIcon;
				ASSETCATALOG_COMPILER_GLOBAL_ACCENT_COLOR_NAME = AccentColor;
				CODE_SIGN_STYLE = Automatic;
				CURRENT_PROJECT_VERSION = 1;
				DEVELOPMENT_TEAM = F6RN3HC46S;
				GENERATE_INFOPLIST_FILE = YES;
				INFOPLIST_FILE = "Tracker/Supporting Files/Info.plist";
				INFOPLIST_KEY_UIApplicationSupportsIndirectInputEvents = YES;
				INFOPLIST_KEY_UILaunchStoryboardName = LaunchScreen;
				INFOPLIST_KEY_UISupportedInterfaceOrientations_iPad = "UIInterfaceOrientationPortrait UIInterfaceOrientationPortraitUpsideDown UIInterfaceOrientationLandscapeLeft UIInterfaceOrientationLandscapeRight";
				INFOPLIST_KEY_UISupportedInterfaceOrientations_iPhone = "UIInterfaceOrientationPortrait UIInterfaceOrientationLandscapeLeft UIInterfaceOrientationLandscapeRight";
				IPHONEOS_DEPLOYMENT_TARGET = 17.0;
				LD_RUNPATH_SEARCH_PATHS = (
					"$(inherited)",
					"@executable_path/Frameworks",
				);
				MARKETING_VERSION = 1.0;
				PRODUCT_BUNDLE_IDENTIFIER = ru.trrafik.Tracker;
				PRODUCT_NAME = "$(TARGET_NAME)";
				SWIFT_EMIT_LOC_STRINGS = YES;
				SWIFT_VERSION = 5.0;
				TARGETED_DEVICE_FAMILY = "1,2";
			};
			name = Debug;
		};
		B764694F2EA93E1A00909568 /* Release */ = {
			isa = XCBuildConfiguration;
			buildSettings = {
				ASSETCATALOG_COMPILER_APPICON_NAME = AppIcon;
				ASSETCATALOG_COMPILER_GLOBAL_ACCENT_COLOR_NAME = AccentColor;
				CODE_SIGN_STYLE = Automatic;
				CURRENT_PROJECT_VERSION = 1;
				DEVELOPMENT_TEAM = F6RN3HC46S;
				GENERATE_INFOPLIST_FILE = YES;
				INFOPLIST_FILE = "Tracker/Supporting Files/Info.plist";
				INFOPLIST_KEY_UIApplicationSupportsIndirectInputEvents = YES;
				INFOPLIST_KEY_UILaunchStoryboardName = LaunchScreen;
				INFOPLIST_KEY_UISupportedInterfaceOrientations_iPad = "UIInterfaceOrientationPortrait UIInterfaceOrientationPortraitUpsideDown UIInterfaceOrientationLandscapeLeft UIInterfaceOrientationLandscapeRight";
				INFOPLIST_KEY_UISupportedInterfaceOrientations_iPhone = "UIInterfaceOrientationPortrait UIInterfaceOrientationLandscapeLeft UIInterfaceOrientationLandscapeRight";
				IPHONEOS_DEPLOYMENT_TARGET = 17.0;
				LD_RUNPATH_SEARCH_PATHS = (
					"$(inherited)",
					"@executable_path/Frameworks",
				);
				MARKETING_VERSION = 1.0;
				PRODUCT_BUNDLE_IDENTIFIER = ru.trrafik.Tracker;
				PRODUCT_NAME = "$(TARGET_NAME)";
				SWIFT_EMIT_LOC_STRINGS = YES;
				SWIFT_VERSION = 5.0;
				TARGETED_DEVICE_FAMILY = "1,2";
			};
			name = Release;
		};
/* End XCBuildConfiguration section */

/* Begin XCConfigurationList section */
		B76469342EA93E1900909568 /* Build configuration list for PBXProject "Tracker" */ = {
			isa = XCConfigurationList;
			buildConfigurations = (
				B764694B2EA93E1A00909568 /* Debug */,
				B764694C2EA93E1A00909568 /* Release */,
			);
			defaultConfigurationIsVisible = 0;
			defaultConfigurationName = Release;
		};
		B764694D2EA93E1A00909568 /* Build configuration list for PBXNativeTarget "Tracker" */ = {
			isa = XCConfigurationList;
			buildConfigurations = (
				B764694E2EA93E1A00909568 /* Debug */,
				B764694F2EA93E1A00909568 /* Release */,
			);
			defaultConfigurationIsVisible = 0;
			defaultConfigurationName = Release;
		};
/* End XCConfigurationList section */

/* Begin XCVersionGroup section */
		B7AAF2862F2FAB3B000F7EF2 /* TrackersDB.xcdatamodeld */ = {
			isa = XCVersionGroup;
			children = (
				B7AAF2872F2FAB3B000F7EF2 /* TrackersDB.xcdatamodel */,
			);
			currentVersion = B7AAF2872F2FAB3B000F7EF2 /* TrackersDB.xcdatamodel */;
			path = TrackersDB.xcdatamodeld;
			sourceTree = "<group>";
			versionGroupType = wrapper.xcdatamodel;
		};
/* End XCVersionGroup section */
	};
	rootObject = B76469312EA93E1900909568 /* Project object */;
}
